
Microsoft Visual Studio Solution File, Format Version 12.00
# Visual Studio 14
VisualStudioVersion = 14.0.23107.0
MinimumVisualStudioVersion = 10.0.40219.1
Project("{FAE04EC0-301F-11D3-BF4B-00C04F79EFBC}") = "Homie.Common", "Homie.Common\Homie.Common.csproj", "{AD46A3B9-886A-41BE-8081-23B01827AE57}"
EndProject
Project("{FAE04EC0-301F-11D3-BF4B-00C04F79EFBC}") = "Homie.Service", "Homie.Service\Homie.Service.csproj", "{A3AC98C1-9971-4871-B442-A0B250958736}"
EndProject
Project("{FAE04EC0-301F-11D3-BF4B-00C04F79EFBC}") = "Homie.Admin", "Homie.Admin\Homie.Admin.csproj", "{6D0762CB-4763-4B3F-84D4-5AEDD5492B0C}"
EndProject
Project("{FAE04EC0-301F-11D3-BF4B-00C04F79EFBC}") = "Homie.Client", "Homie.Client\Homie.Client.csproj", "{6CAFB8B0-42F4-4E85-B253-1D9F0D289FF5}"
EndProject
Project("{2150E333-8FDC-42A3-9474-1A3956D46DE8}") = ".nuget", ".nuget", "{076FDBB0-9912-4A21-866A-F37398496666}"
	ProjectSection(SolutionItems) = preProject
		.nuget\NuGet.Config = .nuget\NuGet.Config
		.nuget\NuGet.exe = .nuget\NuGet.exe
		.nuget\NuGet.targets = .nuget\NuGet.targets
	EndProjectSection
EndProject
Project("{FAE04EC0-301F-11D3-BF4B-00C04F79EFBC}") = "Homie.Model", "Homie.Model\Homie.Model.csproj", "{27F8F5C6-56CE-41F1-AA8F-DA6718B61546}"
EndProject
Project("{FAE04EC0-301F-11D3-BF4B-00C04F79EFBC}") = "MVVMLib", "MVVMLib\MVVMLib.csproj", "{18B3E87E-1AD2-42E8-99DE-94854247B6EF}"
EndProject
Project("{FAE04EC0-301F-11D3-BF4B-00C04F79EFBC}") = "Homie.Resources", "Homie.Resources\Homie.Resources.csproj", "{5141880D-0642-4605-A391-DCB6832FB097}"
EndProject
Global
	GlobalSection(SolutionConfigurationPlatforms) = preSolution
		Debug|Any CPU = Debug|Any CPU
		Debug|Mixed Platforms = Debug|Mixed Platforms
		Debug|x86 = Debug|x86
		Release|Any CPU = Release|Any CPU
		Release|Mixed Platforms = Release|Mixed Platforms
		Release|x86 = Release|x86
	EndGlobalSection
	GlobalSection(ProjectConfigurationPlatforms) = postSolution
		{AD46A3B9-886A-41BE-8081-23B01827AE57}.Debug|Any CPU.ActiveCfg = Debug|Any CPU
		{AD46A3B9-886A-41BE-8081-23B01827AE57}.Debug|Any CPU.Build.0 = Debug|Any CPU
		{AD46A3B9-886A-41BE-8081-23B01827AE57}.Debug|Mixed Platforms.ActiveCfg = Debug|Any CPU
		{AD46A3B9-886A-41BE-8081-23B01827AE57}.Debug|Mixed Platforms.Build.0 = Debug|Any CPU
		{AD46A3B9-886A-41BE-8081-23B01827AE57}.Debug|x86.ActiveCfg = Debug|x86
		{AD46A3B9-886A-41BE-8081-23B01827AE57}.Debug|x86.Build.0 = Debug|x86
		{AD46A3B9-886A-41BE-8081-23B01827AE57}.Release|Any CPU.ActiveCfg = Release|Any CPU
		{AD46A3B9-886A-41BE-8081-23B01827AE57}.Release|Any CPU.Build.0 = Release|Any CPU
		{AD46A3B9-886A-41BE-8081-23B01827AE57}.Release|Mixed Platforms.ActiveCfg = Release|x86
		{AD46A3B9-886A-41BE-8081-23B01827AE57}.Release|Mixed Platforms.Build.0 = Release|x86
		{AD46A3B9-886A-41BE-8081-23B01827AE57}.Release|x86.ActiveCfg = Release|x86
		{AD46A3B9-886A-41BE-8081-23B01827AE57}.Release|x86.Build.0 = Release|x86
		{A3AC98C1-9971-4871-B442-A0B250958736}.Debug|Any CPU.ActiveCfg = Debug|Any CPU
		{A3AC98C1-9971-4871-B442-A0B250958736}.Debug|Any CPU.Build.0 = Debug|Any CPU
		{A3AC98C1-9971-4871-B442-A0B250958736}.Debug|Mixed Platforms.ActiveCfg = Debug|Any CPU
		{A3AC98C1-9971-4871-B442-A0B250958736}.Debug|Mixed Platforms.Build.0 = Debug|Any CPU
		{A3AC98C1-9971-4871-B442-A0B250958736}.Debug|x86.ActiveCfg = Debug|x86
		{A3AC98C1-9971-4871-B442-A0B250958736}.Debug|x86.Build.0 = Debug|x86
		{A3AC98C1-9971-4871-B442-A0B250958736}.Release|Any CPU.ActiveCfg = Release|Any CPU
		{A3AC98C1-9971-4871-B442-A0B250958736}.Release|Any CPU.Build.0 = Release|Any CPU
		{A3AC98C1-9971-4871-B442-A0B250958736}.Release|Mixed Platforms.ActiveCfg = Release|x86
		{A3AC98C1-9971-4871-B442-A0B250958736}.Release|Mixed Platforms.Build.0 = Release|x86
		{A3AC98C1-9971-4871-B442-A0B250958736}.Release|x86.ActiveCfg = Release|x86
		{A3AC98C1-9971-4871-B442-A0B250958736}.Release|x86.Build.0 = Release|x86
		{6D0762CB-4763-4B3F-84D4-5AEDD5492B0C}.Debug|Any CPU.ActiveCfg = Debug|Any CPU
		{6D0762CB-4763-4B3F-84D4-5AEDD5492B0C}.Debug|Any CPU.Build.0 = Debug|Any CPU
		{6D0762CB-4763-4B3F-84D4-5AEDD5492B0C}.Debug|Mixed Platforms.ActiveCfg = Debug|x86
		{6D0762CB-4763-4B3F-84D4-5AEDD5492B0C}.Debug|Mixed Platforms.Build.0 = Debug|x86
		{6D0762CB-4763-4B3F-84D4-5AEDD5492B0C}.Debug|x86.ActiveCfg = Debug|x86
		{6D0762CB-4763-4B3F-84D4-5AEDD5492B0C}.Debug|x86.Build.0 = Debug|x86
		{6D0762CB-4763-4B3F-84D4-5AEDD5492B0C}.Release|Any CPU.ActiveCfg = Release|Any CPU
		{6D0762CB-4763-4B3F-84D4-5AEDD5492B0C}.Release|Any CPU.Build.0 = Release|Any CPU
		{6D0762CB-4763-4B3F-84D4-5AEDD5492B0C}.Release|Mixed Platforms.ActiveCfg = Release|x86
		{6D0762CB-4763-4B3F-84D4-5AEDD5492B0C}.Release|Mixed Platforms.Build.0 = Release|x86
		{6D0762CB-4763-4B3F-84D4-5AEDD5492B0C}.Release|x86.ActiveCfg = Release|Any CPU
		{6CAFB8B0-42F4-4E85-B253-1D9F0D289FF5}.Debug|Any CPU.ActiveCfg = Debug|Any CPU
		{6CAFB8B0-42F4-4E85-B253-1D9F0D289FF5}.Debug|Any CPU.Build.0 = Debug|Any CPU
		{6CAFB8B0-42F4-4E85-B253-1D9F0D289FF5}.Debug|Mixed Platforms.ActiveCfg = Debug|Any CPU
		{6CAFB8B0-42F4-4E85-B253-1D9F0D289FF5}.Debug|Mixed Platforms.Build.0 = Debug|Any CPU
		{6CAFB8B0-42F4-4E85-B253-1D9F0D289FF5}.Debug|x86.ActiveCfg = Debug|x86
		{6CAFB8B0-42F4-4E85-B253-1D9F0D289FF5}.Release|Any CPU.ActiveCfg = Release|Any CPU
		{6CAFB8B0-42F4-4E85-B253-1D9F0D289FF5}.Release|Any CPU.Build.0 = Release|Any CPU
		{6CAFB8B0-42F4-4E85-B253-1D9F0D289FF5}.Release|Mixed Platforms.ActiveCfg = Release|Any CPU
		{6CAFB8B0-42F4-4E85-B253-1D9F0D289FF5}.Release|Mixed Platforms.Build.0 = Release|Any CPU
		{6CAFB8B0-42F4-4E85-B253-1D9F0D289FF5}.Release|x86.ActiveCfg = Release|Any CPU
		{27F8F5C6-56CE-41F1-AA8F-DA6718B61546}.Debug|Any CPU.ActiveCfg = Debug|Any CPU
		{27F8F5C6-56CE-41F1-AA8F-DA6718B61546}.Debug|Any CPU.Build.0 = Debug|Any CPU
		{27F8F5C6-56CE-41F1-AA8F-DA6718B61546}.Debug|Mixed Platforms.ActiveCfg = Debug|Any CPU
		{27F8F5C6-56CE-41F1-AA8F-DA6718B61546}.Debug|Mixed Platforms.Build.0 = Debug|Any CPU
		{27F8F5C6-56CE-41F1-AA8F-DA6718B61546}.Debug|x86.ActiveCfg = Debug|Any CPU
		{27F8F5C6-56CE-41F1-AA8F-DA6718B61546}.Release|Any CPU.ActiveCfg = Release|Any CPU
		{27F8F5C6-56CE-41F1-AA8F-DA6718B61546}.Release|Any CPU.Build.0 = Release|Any CPU
		{27F8F5C6-56CE-41F1-AA8F-DA6718B61546}.Release|Mixed Platforms.ActiveCfg = Release|Any CPU
		{27F8F5C6-56CE-41F1-AA8F-DA6718B61546}.Release|Mixed Platforms.Build.0 = Release|Any CPU
		{27F8F5C6-56CE-41F1-AA8F-DA6718B61546}.Release|x86.ActiveCfg = Release|Any CPU
		{18B3E87E-1AD2-42E8-99DE-94854247B6EF}.Debug|Any CPU.ActiveCfg = Debug|Any CPU
		{18B3E87E-1AD2-42E8-99DE-94854247B6EF}.Debug|Any CPU.Build.0 = Debug|Any CPU
		{18B3E87E-1AD2-42E8-99DE-94854247B6EF}.Debug|Mixed Platforms.ActiveCfg = Debug|Any CPU
		{18B3E87E-1AD2-42E8-99DE-94854247B6EF}.Debug|Mixed Platforms.Build.0 = Debug|Any CPU
		{18B3E87E-1AD2-42E8-99DE-94854247B6EF}.Debug|x86.ActiveCfg = Debug|Any CPU
		{18B3E87E-1AD2-42E8-99DE-94854247B6EF}.Release|Any CPU.ActiveCfg = Release|Any CPU
		{18B3E87E-1AD2-42E8-99DE-94854247B6EF}.Release|Any CPU.Build.0 = Release|Any CPU
		{18B3E87E-1AD2-42E8-99DE-94854247B6EF}.Release|Mixed Platforms.ActiveCfg = Release|Any CPU
		{18B3E87E-1AD2-42E8-99DE-94854247B6EF}.Release|Mixed Platforms.Build.0 = Release|Any CPU
		{18B3E87E-1AD2-42E8-99DE-94854247B6EF}.Release|x86.ActiveCfg = Release|Any CPU
		{5141880D-0642-4605-A391-DCB6832FB097}.Debug|Any CPU.ActiveCfg = Debug|Any CPU
		{5141880D-0642-4605-A391-DCB6832FB097}.Debug|Any CPU.Build.0 = Debug|Any CPU
		{5141880D-0642-4605-A391-DCB6832FB097}.Debug|Mixed Platforms.ActiveCfg = Debug|Any CPU
		{5141880D-0642-4605-A391-DCB6832FB097}.Debug|Mixed Platforms.Build.0 = Debug|Any CPU
		{5141880D-0642-4605-A391-DCB6832FB097}.Debug|x86.ActiveCfg = Debug|Any CPU
		{5141880D-0642-4605-A391-DCB6832FB097}.Release|Any CPU.ActiveCfg = Release|Any CPU
		{5141880D-0642-4605-A391-DCB6832FB097}.Release|Any CPU.Build.0 = Release|Any CPU
		{5141880D-0642-4605-A391-DCB6832FB097}.Release|Mixed Platforms.ActiveCfg = Release|Any CPU
		{5141880D-0642-4605-A391-DCB6832FB097}.Release|Mixed Platforms.Build.0 = Release|Any CPU
		{5141880D-0642-4605-A391-DCB6832FB097}.Release|x86.ActiveCfg = Release|Any CPU
	EndGlobalSection
	GlobalSection(SolutionProperties) = preSolution
		HideSolutionNode = FALSE
	EndGlobalSection
EndGlobal
